
Microsoft Visual Studio Solution File, Format Version 12.00
# Visual Studio Version 17
VisualStudioVersion = 17.14.36518.9 d17.14
MinimumVisualStudioVersion = 10.0.40219.1
Project("{FAE04EC0-301F-11D3-BF4B-00C04F79EFBC}") = "AudioRec", "AudioRec\AudioRec.csproj", "{E8B4CDEA-C7B8-B212-DA8A-A03E3E598EF9}"
EndProject
Project("{FAE04EC0-301F-11D3-BF4B-00C04F79EFBC}") = "BranchMerger", "BranchMerger\BranchMerger.csproj", "{B8E62342-15C0-69FD-8F10-EF3136A1FAFB}"
EndProject
Project("{FAE04EC0-301F-11D3-BF4B-00C04F79EFBC}") = "ScreenCapture", "ScreenCapture\ScreenCapture.csproj", "{A0144646-E383-CCDE-E8F8-F7FBC1DD88E3}"
EndProject
Global
	GlobalSection(SolutionConfigurationPlatforms) = preSolution
		Debug|Any CPU = Debug|Any CPU
		Release|Any CPU = Release|Any CPU
	EndGlobalSection
	GlobalSection(ProjectConfigurationPlatforms) = postSolution
		{E8B4CDEA-C7B8-B212-DA8A-A03E3E598EF9}.Debug|Any CPU.ActiveCfg = Debug|Any CPU
		{E8B4CDEA-C7B8-B212-DA8A-A03E3E598EF9}.Debug|Any CPU.Build.0 = Debug|Any CPU
		{E8B4CDEA-C7B8-B212-DA8A-A03E3E598EF9}.Release|Any CPU.ActiveCfg = Release|Any CPU
		{E8B4CDEA-C7B8-B212-DA8A-A03E3E598EF9}.Release|Any CPU.Build.0 = Release|Any CPU
		{B8E62342-15C0-69FD-8F10-EF3136A1FAFB}.Debug|Any CPU.ActiveCfg = Debug|Any CPU
		{B8E62342-15C0-69FD-8F10-EF3136A1FAFB}.Debug|Any CPU.Build.0 = Debug|Any CPU
		{B8E62342-15C0-69FD-8F10-EF3136A1FAFB}.Release|Any CPU.ActiveCfg = Release|Any CPU
		{B8E62342-15C0-69FD-8F10-EF3136A1FAFB}.Release|Any CPU.Build.0 = Release|Any CPU
		{A0144646-E383-CCDE-E8F8-F7FBC1DD88E3}.Debug|Any CPU.ActiveCfg = Debug|Any CPU
		{A0144646-E383-CCDE-E8F8-F7FBC1DD88E3}.Debug|Any CPU.Build.0 = Debug|Any CPU
		{A0144646-E383-CCDE-E8F8-F7FBC1DD88E3}.Release|Any CPU.ActiveCfg = Release|Any CPU
		{A0144646-E383-CCDE-E8F8-F7FBC1DD88E3}.Release|Any CPU.Build.0 = Release|Any CPU
	EndGlobalSection
	GlobalSection(SolutionProperties) = preSolution
		HideSolutionNode = FALSE
	EndGlobalSection
	GlobalSection(ExtensibilityGlobals) = postSolution
		SolutionGuid = {7AE93BFA-20DD-480C-AE13-80BF1005018E}
	EndGlobalSection
EndGlobal
